
Microsoft Visual Studio Solution File, Format Version 12.00
# Visual Studio 14
VisualStudioVersion = 14.0.25420.1
MinimumVisualStudioVersion = 10.0.40219.1
Project("{FAE04EC0-301F-11D3-BF4B-00C04F79EFBC}") = "GetVerticesFromSubDMesh", "GetVerticesFromSubDMesh\GetVerticesFromSubDMesh.csproj", "{31C0E89E-E8A0-414F-8F23-C581F0157315}"
EndProject
Global
	GlobalSection(SolutionConfigurationPlatforms) = preSolution
		Debug|Any CPU = Debug|Any CPU
		Release|Any CPU = Release|Any CPU
	EndGlobalSection
	GlobalSection(ProjectConfigurationPlatforms) = postSolution
		{31C0E89E-E8A0-414F-8F23-C581F0157315}.Debug|Any CPU.ActiveCfg = Debug|Any CPU
		{31C0E89E-E8A0-414F-8F23-C581F0157315}.Debug|Any CPU.Build.0 = Debug|Any CPU
		{31C0E89E-E8A0-414F-8F23-C581F0157315}.Release|Any CPU.ActiveCfg = Release|Any CPU
		{31C0E89E-E8A0-414F-8F23-C581F0157315}.Release|Any CPU.Build.0 = Release|Any CPU
	EndGlobalSection
	GlobalSection(SolutionProperties) = preSolution
		HideSolutionNode = FALSE
	EndGlobalSection
EndGlobal
